// !$*UTF8*$!
{
	archiveVersion = 1;
	classes = {
	};
	objectVersion = 77;
	objects = {

/* Begin PBXBuildFile section */
		7A1001012C00000100000001 /* PortfolioDetailsApp.swift in Sources */ = {isa = PBXBuildFile; fileRef = 7A1002012C00000100000001 /* PortfolioDetailsApp.swift */; };
		7A1001022C00000100000001 /* Models.swift in Sources */ = {isa = PBXBuildFile; fileRef = 7A1002022C00000100000001 /* Models.swift */; };
		7A1001032C00000100000001 /* FinnhubClient.swift in Sources */ = {isa = PBXBuildFile; fileRef = 7A1002032C00000100000001 /* FinnhubClient.swift */; };
		7A1001042C00000100000001 /* KeychainStore.swift in Sources */ = {isa = PBXBuildFile; fileRef = 7A1002042C00000100000001 /* KeychainStore.swift */; };
		7A1001052C00000100000001 /* ChaseCSVImporter.swift in Sources */ = {isa = PBXBuildFile; fileRef = 7A1002052C00000100000001 /* ChaseCSVImporter.swift */; };
		7A1001062C00000100000001 /* PortfolioAnalytics.swift in Sources */ = {isa = PBXBuildFile; fileRef = 7A1002062C00000100000001 /* PortfolioAnalytics.swift */; };
		7A1001072C00000100000001 /* AppViewModel.swift in Sources */ = {isa = PBXBuildFile; fileRef = 7A1002072C00000100000001 /* AppViewModel.swift */; };
		7A1001082C00000100000001 /* ContentView.swift in Sources */ = {isa = PBXBuildFile; fileRef = 7A1002082C00000100000001 /* ContentView.swift */; };
		7A1001092C00000100000001 /* DashboardView.swift in Sources */ = {isa = PBXBuildFile; fileRef = 7A1002092C00000100000001 /* DashboardView.swift */; };
		7A10010A2C00000100000001 /* HoldingsView.swift in Sources */ = {isa = PBXBuildFile; fileRef = 7A10020A2C00000100000001 /* HoldingsView.swift */; };
		7A10010B2C00000100000001 /* ImportView.swift in Sources */ = {isa = PBXBuildFile; fileRef = 7A10020B2C00000100000001 /* ImportView.swift */; };
		7A10010C2C00000100000001 /* SettingsView.swift in Sources */ = {isa = PBXBuildFile; fileRef = 7A10020C2C00000100000001 /* SettingsView.swift */; };
		7A10010D2C00000100000001 /* PreviewData.swift in Sources */ = {isa = PBXBuildFile; fileRef = 7A10020D2C00000100000001 /* PreviewData.swift */; };
/* End PBXBuildFile section */

/* Begin PBXFileReference section */
		7A1000012C00000100000001 /* PortfolioDetails.app */ = {isa = PBXFileReference; explicitFileType = wrapper.application; includeInIndex = 0; path = PortfolioDetails.app; sourceTree = BUILT_PRODUCTS_DIR; };
		7A1002012C00000100000001 /* PortfolioDetailsApp.swift */ = {isa = PBXFileReference; lastKnownFileType = sourcecode.swift; path = PortfolioDetailsApp.swift; sourceTree = "<group>"; };
		7A1002022C00000100000001 /* Models.swift */ = {isa = PBXFileReference; lastKnownFileType = sourcecode.swift; path = Models.swift; sourceTree = "<group>"; };
		7A1002032C00000100000001 /* FinnhubClient.swift */ = {isa = PBXFileReference; lastKnownFileType = sourcecode.swift; path = FinnhubClient.swift; sourceTree = "<group>"; };
		7A1002042C00000100000001 /* KeychainStore.swift */ = {isa = PBXFileReference; lastKnownFileType = sourcecode.swift; path = KeychainStore.swift; sourceTree = "<group>"; };
		7A1002052C00000100000001 /* ChaseCSVImporter.swift */ = {isa = PBXFileReference; lastKnownFileType = sourcecode.swift; path = ChaseCSVImporter.swift; sourceTree = "<group>"; };
		7A1002062C00000100000001 /* PortfolioAnalytics.swift */ = {isa = PBXFileReference; lastKnownFileType = sourcecode.swift; path = PortfolioAnalytics.swift; sourceTree = "<group>"; };
		7A1002072C00000100000001 /* AppViewModel.swift */ = {isa = PBXFileReference; lastKnownFileType = sourcecode.swift; path = AppViewModel.swift; sourceTree = "<group>"; };
		7A1002082C00000100000001 /* ContentView.swift */ = {isa = PBXFileReference; lastKnownFileType = sourcecode.swift; path = ContentView.swift; sourceTree = "<group>"; };
		7A1002092C00000100000001 /* DashboardView.swift */ = {isa = PBXFileReference; lastKnownFileType = sourcecode.swift; path = DashboardView.swift; sourceTree = "<group>"; };
		7A10020A2C00000100000001 /* HoldingsView.swift */ = {isa = PBXFileReference; lastKnownFileType = sourcecode.swift; path = HoldingsView.swift; sourceTree = "<group>"; };
		7A10020B2C00000100000001 /* ImportView.swift */ = {isa = PBXFileReference; lastKnownFileType = sourcecode.swift; path = ImportView.swift; sourceTree = "<group>"; };
		7A10020C2C00000100000001 /* SettingsView.swift */ = {isa = PBXFileReference; lastKnownFileType = sourcecode.swift; path = SettingsView.swift; sourceTree = "<group>"; };
		7A10020D2C00000100000001 /* PreviewData.swift */ = {isa = PBXFileReference; lastKnownFileType = sourcecode.swift; path = PreviewData.swift; sourceTree = "<group>"; };
/* End PBXFileReference section */

/* Begin PBXFileSystemSynchronizedRootGroup section */
/* End PBXFileSystemSynchronizedRootGroup section */

/* Begin PBXFrameworksBuildPhase section */
		7A1000102C00000100000001 /* Frameworks */ = {
			isa = PBXFrameworksBuildPhase;
			buildActionMask = 2147483647;
			files = (
			);
			runOnlyForDeploymentPostprocessing = 0;
		};
/* End PBXFrameworksBuildPhase section */

/* Begin PBXGroup section */
		7A1000202C00000100000001 = {
			isa = PBXGroup;
			children = (
				7A1000302C00000100000001 /* PortfolioDetails */,
				7A1000402C00000100000001 /* Products */,
			);
			sourceTree = "<group>";
		};
		7A1000302C00000100000001 /* PortfolioDetails */ = {
			isa = PBXGroup;
			children = (
				7A1002012C00000100000001 /* PortfolioDetailsApp.swift */,
				7A1002022C00000100000001 /* Models.swift */,
				7A1002072C00000100000001 /* AppViewModel.swift */,
				7A1002032C00000100000001 /* FinnhubClient.swift */,
				7A1002042C00000100000001 /* KeychainStore.swift */,
				7A1002052C00000100000001 /* ChaseCSVImporter.swift */,
				7A1002062C00000100000001 /* PortfolioAnalytics.swift */,
				7A1002082C00000100000001 /* ContentView.swift */,
				7A1002092C00000100000001 /* DashboardView.swift */,
				7A10020A2C00000100000001 /* HoldingsView.swift */,
				7A10020B2C00000100000001 /* ImportView.swift */,
				7A10020C2C00000100000001 /* SettingsView.swift */,
				7A10020D2C00000100000001 /* PreviewData.swift */,
			);
			path = PortfolioDetails;
			sourceTree = "<group>";
		};
		7A1000402C00000100000001 /* Products */ = {
			isa = PBXGroup;
			children = (
				7A1000012C00000100000001 /* PortfolioDetails.app */,
			);
			name = Products;
			sourceTree = "<group>";
		};
/* End PBXGroup section */

/* Begin PBXNativeTarget section */
		7A1000502C00000100000001 /* PortfolioDetails */ = {
			isa = PBXNativeTarget;
			buildConfigurationList = 7A1000902C00000100000001 /* Build configuration list for PBXNativeTarget "PortfolioDetails" */;
			buildPhases = (
				7A1000602C00000100000001 /* Sources */,
				7A1000102C00000100000001 /* Frameworks */,
				7A1000702C00000100000001 /* Resources */,
			);
			buildRules = (
			);
			dependencies = (
			);
			name = PortfolioDetails;
			productName = PortfolioDetails;
			productReference = 7A1000012C00000100000001 /* PortfolioDetails.app */;
			productType = "com.apple.product-type.application";
		};
/* End PBXNativeTarget section */

/* Begin PBXProject section */
		7A1000802C00000100000001 /* Project object */ = {
			isa = PBXProject;
			attributes = {
				BuildIndependentTargetsInParallel = 1;
				LastSwiftUpdateCheck = 2650;
				LastUpgradeCheck = 2650;
				TargetAttributes = {
					7A1000502C00000100000001 = {
						CreatedOnToolsVersion = 26.5;
					};
				};
			};
			buildConfigurationList = 7A1000A02C00000100000001 /* Build configuration list for PBXProject "PortfolioDetails" */;
			developmentRegion = en;
			hasScannedForEncodings = 0;
			knownRegions = (
				en,
				Base,
			);
			mainGroup = 7A1000202C00000100000001;
			minimizedProjectReferenceProxies = 1;
			preferredProjectObjectVersion = 77;
			productRefGroup = 7A1000402C00000100000001 /* Products */;
			projectDirPath = "";
			projectRoot = "";
			targets = (
				7A1000502C00000100000001 /* PortfolioDetails */,
			);
		};
/* End PBXProject section */

/* Begin PBXResourcesBuildPhase section */
		7A1000702C00000100000001 /* Resources */ = {
			isa = PBXResourcesBuildPhase;
			buildActionMask = 2147483647;
			files = (
			);
			runOnlyForDeploymentPostprocessing = 0;
		};
/* End PBXResourcesBuildPhase section */

/* Begin PBXSourcesBuildPhase section */
		7A1000602C00000100000001 /* Sources */ = {
			isa = PBXSourcesBuildPhase;
			buildActionMask = 2147483647;
			files = (
				7A1001012C00000100000001 /* PortfolioDetailsApp.swift in Sources */,
				7A1001022C00000100000001 /* Models.swift in Sources */,
				7A1001032C00000100000001 /* FinnhubClient.swift in Sources */,
				7A1001042C00000100000001 /* KeychainStore.swift in Sources */,
				7A1001052C00000100000001 /* ChaseCSVImporter.swift in Sources */,
				7A1001062C00000100000001 /* PortfolioAnalytics.swift in Sources */,
				7A1001072C00000100000001 /* AppViewModel.swift in Sources */,
				7A1001082C00000100000001 /* ContentView.swift in Sources */,
				7A1001092C00000100000001 /* DashboardView.swift in Sources */,
				7A10010A2C00000100000001 /* HoldingsView.swift in Sources */,
				7A10010B2C00000100000001 /* ImportView.swift in Sources */,
				7A10010C2C00000100000001 /* SettingsView.swift in Sources */,
				7A10010D2C00000100000001 /* PreviewData.swift in Sources */,
			);
			runOnlyForDeploymentPostprocessing = 0;
		};
/* End PBXSourcesBuildPhase section */

/* Begin XCBuildConfiguration section */
		7A1000B02C00000100000001 /* Debug */ = {
			isa = XCBuildConfiguration;
			buildSettings = {
				ALWAYS_SEARCH_USER_PATHS = NO;
				CLANG_ANALYZER_NONNULL = YES;
				CLANG_ANALYZER_NUMBER_OBJECT_CONVERSION = YES_AGGRESSIVE;
				CLANG_CXX_LANGUAGE_STANDARD = "gnu++20";
				CLANG_ENABLE_MODULES = YES;
				CLANG_ENABLE_OBJC_ARC = YES;
				CLANG_ENABLE_OBJC_WEAK = YES;
				CLANG_WARN_BLOCK_CAPTURE_AUTORELEASING = YES;
				CLANG_WARN_BOOL_CONVERSION = YES;
				CLANG_WARN_COMMA = YES;
				CLANG_WARN_CONSTANT_CONVERSION = YES;
				CLANG_WARN_DEPRECATED_OBJC_IMPLEMENTATIONS = YES;
				CLANG_WARN_DIRECT_OBJC_ISA_USAGE = YES_ERROR;
				CLANG_WARN_DOCUMENTATION_COMMENTS = YES;
				CLANG_WARN_EMPTY_BODY = YES;
				CLANG_WARN_ENUM_CONVERSION = YES;
				CLANG_WARN_INFINITE_RECURSION = YES;
				CLANG_WARN_INT_CONVERSION = YES;
				CLANG_WARN_NON_LITERAL_NULL_CONVERSION = YES;
				CLANG_WARN_OBJC_IMPLICIT_RETAIN_SELF = YES;
				CLANG_WARN_OBJC_LITERAL_CONVERSION = YES;
				CLANG_WARN_OBJC_ROOT_CLASS = YES_ERROR;
				CLANG_WARN_QUOTED_INCLUDE_IN_FRAMEWORK_HEADER = YES;
				CLANG_WARN_RANGE_LOOP_ANALYSIS = YES;
				CLANG_WARN_STRICT_PROTOTYPES = YES;
				CLANG_WARN_SUSPICIOUS_MOVE = YES;
				CLANG_WARN_UNGUARDED_AVAILABILITY = YES_AGGRESSIVE;
				CLANG_WARN_UNREACHABLE_CODE = YES;
				CLANG_WARN__DUPLICATE_METHOD_MATCH = YES;
				COPY_PHASE_STRIP = NO;
				DEBUG_INFORMATION_FORMAT = dwarf;
				ENABLE_STRICT_OBJC_MSGSEND = YES;
				ENABLE_TESTABILITY = YES;
				ENABLE_USER_SCRIPT_SANDBOXING = YES;
				GCC_C_LANGUAGE_STANDARD = gnu17;
				GCC_DYNAMIC_NO_PIC = NO;
				GCC_NO_COMMON_BLOCKS = YES;
				GCC_OPTIMIZATION_LEVEL = 0;
				GCC_PREPROCESSOR_DEFINITIONS = (
					"DEBUG=1",
					"$(inherited)",
				);
				GCC_WARN_64_TO_32_BIT_CONVERSION = YES;
				GCC_WARN_ABOUT_RETURN_TYPE = YES_ERROR;
				GCC_WARN_UNDECLARED_SELECTOR = YES;
				GCC_WARN_UNINITIALIZED_AUTOS = YES_AGGRESSIVE;
				GCC_WARN_UNUSED_FUNCTION = YES;
				GCC_WARN_UNUSED_VARIABLE = YES;
				IPHONEOS_DEPLOYMENT_TARGET = 18.0;
				MACOSX_DEPLOYMENT_TARGET = 15.0;
				MTL_ENABLE_DEBUG_INFO = INCLUDE_SOURCE;
				MTL_FAST_MATH = YES;
				ONLY_ACTIVE_ARCH = YES;
				SDKROOT = auto;
				SWIFT_ACTIVE_COMPILATION_CONDITIONS = "DEBUG $(inherited)";
				SWIFT_OPTIMIZATION_LEVEL = "-Onone";
			};
			name = Debug;
		};
		7A1000C02C00000100000001 /* Release */ = {
			isa = XCBuildConfiguration;
			buildSettings = {
				ALWAYS_SEARCH_USER_PATHS = NO;
				CLANG_ANALYZER_NONNULL = YES;
				CLANG_ANALYZER_NUMBER_OBJECT_CONVERSION = YES_AGGRESSIVE;
				CLANG_CXX_LANGUAGE_STANDARD = "gnu++20";
				CLANG_ENABLE_MODULES = YES;
				CLANG_ENABLE_OBJC_ARC = YES;
				CLANG_ENABLE_OBJC_WEAK = YES;
				CLANG_WARN_BLOCK_CAPTURE_AUTORELEASING = YES;
				CLANG_WARN_BOOL_CONVERSION = YES;
				CLANG_WARN_COMMA = YES;
				CLANG_WARN_CONSTANT_CONVERSION = YES;
				CLANG_WARN_DEPRECATED_OBJC_IMPLEMENTATIONS = YES;
				CLANG_WARN_DIRECT_OBJC_ISA_USAGE = YES_ERROR;
				CLANG_WARN_DOCUMENTATION_COMMENTS = YES;
				CLANG_WARN_EMPTY_BODY = YES;
				CLANG_WARN_ENUM_CONVERSION = YES;
				CLANG_WARN_INFINITE_RECURSION = YES;
				CLANG_WARN_INT_CONVERSION = YES;
				CLANG_WARN_NON_LITERAL_NULL_CONVERSION = YES;
				CLANG_WARN_OBJC_IMPLICIT_RETAIN_SELF = YES;
				CLANG_WARN_OBJC_LITERAL_CONVERSION = YES;
				CLANG_WARN_OBJC_ROOT_CLASS = YES_ERROR;
				CLANG_WARN_QUOTED_INCLUDE_IN_FRAMEWORK_HEADER = YES;
				CLANG_WARN_RANGE_LOOP_ANALYSIS = YES;
				CLANG_WARN_STRICT_PROTOTYPES = YES;
				CLANG_WARN_SUSPICIOUS_MOVE = YES;
				CLANG_WARN_UNGUARDED_AVAILABILITY = YES_AGGRESSIVE;
				CLANG_WARN_UNREACHABLE_CODE = YES;
				CLANG_WARN__DUPLICATE_METHOD_MATCH = YES;
				COPY_PHASE_STRIP = NO;
				DEBUG_INFORMATION_FORMAT = "dwarf-with-dsym";
				ENABLE_NS_ASSERTIONS = NO;
				ENABLE_STRICT_OBJC_MSGSEND = YES;
				ENABLE_USER_SCRIPT_SANDBOXING = YES;
				GCC_C_LANGUAGE_STANDARD = gnu17;
				GCC_NO_COMMON_BLOCKS = YES;
				GCC_WARN_64_TO_32_BIT_CONVERSION = YES;
				GCC_WARN_ABOUT_RETURN_TYPE = YES_ERROR;
				GCC_WARN_UNDECLARED_SELECTOR = YES;
				GCC_WARN_UNINITIALIZED_AUTOS = YES_AGGRESSIVE;
				GCC_WARN_UNUSED_FUNCTION = YES;
				GCC_WARN_UNUSED_VARIABLE = YES;
				IPHONEOS_DEPLOYMENT_TARGET = 18.0;
				MACOSX_DEPLOYMENT_TARGET = 15.0;
				MTL_ENABLE_DEBUG_INFO = NO;
				MTL_FAST_MATH = YES;
				SDKROOT = auto;
				SWIFT_COMPILATION_MODE = wholemodule;
				VALIDATE_PRODUCT = YES;
			};
			name = Release;
		};
		7A1000D02C00000100000001 /* Debug */ = {
			isa = XCBuildConfiguration;
			buildSettings = {
				ASSETCATALOG_COMPILER_APPICON_NAME = AppIcon;
				CODE_SIGN_STYLE = Automatic;
				CURRENT_PROJECT_VERSION = 1;
				DEVELOPMENT_ASSET_PATHS = "";
				ENABLE_PREVIEWS = YES;
				GENERATE_INFOPLIST_FILE = YES;
				INFOPLIST_KEY_CFBundleDisplayName = "Portfolio Details";
				INFOPLIST_KEY_LSApplicationCategoryType = "public.app-category.finance";
				INFOPLIST_KEY_NSDocumentsFolderUsageDescription = "Import Chase CSV files that contain your portfolio holdings.";
				IPHONEOS_DEPLOYMENT_TARGET = 18.0;
				MACOSX_DEPLOYMENT_TARGET = 15.0;
				MARKETING_VERSION = 0.1;
				PRODUCT_BUNDLE_IDENTIFIER = com.colincampbell.PortfolioDetails;
				PRODUCT_NAME = "$(TARGET_NAME)";
				SDKROOT = auto;
				SUPPORTED_PLATFORMS = "iphoneos iphonesimulator macosx";
				SWIFT_EMIT_LOC_STRINGS = YES;
				SWIFT_VERSION = 6.0;
				TARGETED_DEVICE_FAMILY = "1,2,6";
			};
			name = Debug;
		};
		7A1000E02C00000100000001 /* Release */ = {
			isa = XCBuildConfiguration;
			buildSettings = {
				ASSETCATALOG_COMPILER_APPICON_NAME = AppIcon;
				CODE_SIGN_STYLE = Automatic;
				CURRENT_PROJECT_VERSION = 1;
				DEVELOPMENT_ASSET_PATHS = "";
				ENABLE_PREVIEWS = YES;
				GENERATE_INFOPLIST_FILE = YES;
				INFOPLIST_KEY_CFBundleDisplayName = "Portfolio Details";
				INFOPLIST_KEY_LSApplicationCategoryType = "public.app-category.finance";
				INFOPLIST_KEY_NSDocumentsFolderUsageDescription = "Import Chase CSV files that contain your portfolio holdings.";
				IPHONEOS_DEPLOYMENT_TARGET = 18.0;
				MACOSX_DEPLOYMENT_TARGET = 15.0;
				MARKETING_VERSION = 0.1;
				PRODUCT_BUNDLE_IDENTIFIER = com.colincampbell.PortfolioDetails;
				PRODUCT_NAME = "$(TARGET_NAME)";
				SDKROOT = auto;
				SUPPORTED_PLATFORMS = "iphoneos iphonesimulator macosx";
				SWIFT_EMIT_LOC_STRINGS = YES;
				SWIFT_VERSION = 6.0;
				TARGETED_DEVICE_FAMILY = "1,2,6";
			};
			name = Release;
		};
/* End XCBuildConfiguration section */

/* Begin XCConfigurationList section */
		7A1000A02C00000100000001 /* Build configuration list for PBXProject "PortfolioDetails" */ = {
			isa = XCConfigurationList;
			buildConfigurations = (
				7A1000B02C00000100000001 /* Debug */,
				7A1000C02C00000100000001 /* Release */,
			);
			defaultConfigurationIsVisible = 0;
			defaultConfigurationName = Release;
		};
		7A1000902C00000100000001 /* Build configuration list for PBXNativeTarget "PortfolioDetails" */ = {
			isa = XCConfigurationList;
			buildConfigurations = (
				7A1000D02C00000100000001 /* Debug */,
				7A1000E02C00000100000001 /* Release */,
			);
			defaultConfigurationIsVisible = 0;
			defaultConfigurationName = Release;
		};
/* End XCConfigurationList section */
	};
	rootObject = 7A1000802C00000100000001 /* Project object */;
}

